// !$*UTF8*$!
{
	archiveVersion = 1;
	classes = {
	};
	objectVersion = 56;
	objects = {

/* Begin PBXBuildFile section */
		7B13853F296CEE5C002DAA3B /* UnSartenApp.swift in Sources */ = {isa = PBXBuildFile; fileRef = 7B13853E296CEE5C002DAA3B /* UnSartenApp.swift */; };
		7B138541296CEE5C002DAA3B /* ContentView.swift in Sources */ = {isa = PBXBuildFile; fileRef = 7B138540296CEE5C002DAA3B /* ContentView.swift */; };
		7B138543296CEE5D002DAA3B /* Assets.xcassets in Resources */ = {isa = PBXBuildFile; fileRef = 7B138542296CEE5D002DAA3B /* Assets.xcassets */; };
		7B138546296CEE5E002DAA3B /* Preview Assets.xcassets in Resources */ = {isa = PBXBuildFile; fileRef = 7B138545296CEE5E002DAA3B /* Preview Assets.xcassets */; };
		7B13854E296CEF14002DAA3B /* Login.swift in Sources */ = {isa = PBXBuildFile; fileRef = 7B13854D296CEF14002DAA3B /* Login.swift */; };
		7B138550296CF57F002DAA3B /* ConfirmCode.swift in Sources */ = {isa = PBXBuildFile; fileRef = 7B13854F296CF57F002DAA3B /* ConfirmCode.swift */; };
		7B138552296D1C1C002DAA3B /* RegisterUser.swift in Sources */ = {isa = PBXBuildFile; fileRef = 7B138551296D1C1C002DAA3B /* RegisterUser.swift */; };
		7F0D119C86F8FD16306C7923 /* SaveUserDataViewModel.swift in Sources */ = {isa = PBXBuildFile; fileRef = 7F0D1A75AA10DC44896B6C0D /* SaveUserDataViewModel.swift */; };
		7F0D15358B09731C8170E35F /* VerifyCodeViewModel.swift in Sources */ = {isa = PBXBuildFile; fileRef = 7F0D1F7D41D85EB7824CE7C6 /* VerifyCodeViewModel.swift */; };
		7F0D15F2987810D76EC9F525 /* SaveUserData.swift in Sources */ = {isa = PBXBuildFile; fileRef = 7F0D1384D75818D3F8698AF6 /* SaveUserData.swift */; };
		7F0D16F8F4C192E50749AFB9 /* JSONNull.swift in Sources */ = {isa = PBXBuildFile; fileRef = 7F0D157367977EC1E7972D4B /* JSONNull.swift */; };
		7F0D1757A1B8CAF4D15BBF84 /* VerifyNumberViewModel.swift in Sources */ = {isa = PBXBuildFile; fileRef = 7F0D1362CAF0A7B791F0E7B6 /* VerifyNumberViewModel.swift */; };
		7F0D1893F85F62677C33C264 /* GetUserById.swift in Sources */ = {isa = PBXBuildFile; fileRef = 7F0D1C10A533F9150D332E8F /* GetUserById.swift */; };
		7F0D18AF6CE200292234C0C4 /* Home.swift in Sources */ = {isa = PBXBuildFile; fileRef = 7F0D1D95EE85C3FB4846D1FD /* Home.swift */; };
		7F0D1A82152F36F9BC7E8E2D /* VerifyCode.swift in Sources */ = {isa = PBXBuildFile; fileRef = 7F0D1FB35749E7F84F29C7F0 /* VerifyCode.swift */; };
		7F0D1C7658EC1453F0291A78 /* GetUserByIdViewModel.swift in Sources */ = {isa = PBXBuildFile; fileRef = 7F0D19A58E0C2771FCEB66E2 /* GetUserByIdViewModel.swift */; };
		7F0D1E7F15B1A842E539230D /* URLError.swift in Sources */ = {isa = PBXBuildFile; fileRef = 7F0D1F529D4D6DBABB7ED6CA /* URLError.swift */; };
		7F0D1EC19AB9288BFA1FCB9B /* VerifyNumber.swift in Sources */ = {isa = PBXBuildFile; fileRef = 7F0D16D350A0E502BE4F9325 /* VerifyNumber.swift */; };
/* End PBXBuildFile section */

/* Begin PBXFileReference section */
		7B13853B296CEE5C002DAA3B /* UnSartenApp.app */ = {isa = PBXFileReference; explicitFileType = wrapper.application; includeInIndex = 0; path = UnSartenApp.app; sourceTree = BUILT_PRODUCTS_DIR; };
		7B13853E296CEE5C002DAA3B /* UnSartenApp.swift */ = {isa = PBXFileReference; lastKnownFileType = sourcecode.swift; path = UnSartenApp.swift; sourceTree = "<group>"; };
		7B138540296CEE5C002DAA3B /* ContentView.swift */ = {isa = PBXFileReference; lastKnownFileType = sourcecode.swift; path = ContentView.swift; sourceTree = "<group>"; };
		7B138542296CEE5D002DAA3B /* Assets.xcassets */ = {isa = PBXFileReference; lastKnownFileType = folder.assetcatalog; path = Assets.xcassets; sourceTree = "<group>"; };
		7B138545296CEE5E002DAA3B /* Preview Assets.xcassets */ = {isa = PBXFileReference; lastKnownFileType = folder.assetcatalog; path = "Preview Assets.xcassets"; sourceTree = "<group>"; };
		7B13854D296CEF14002DAA3B /* Login.swift */ = {isa = PBXFileReference; lastKnownFileType = sourcecode.swift; path = Login.swift; sourceTree = "<group>"; };
		7B13854F296CF57F002DAA3B /* ConfirmCode.swift */ = {isa = PBXFileReference; lastKnownFileType = sourcecode.swift; path = ConfirmCode.swift; sourceTree = "<group>"; };
		7B138551296D1C1C002DAA3B /* RegisterUser.swift */ = {isa = PBXFileReference; lastKnownFileType = sourcecode.swift; path = RegisterUser.swift; sourceTree = "<group>"; };
		7F0D1362CAF0A7B791F0E7B6 /* VerifyNumberViewModel.swift */ = {isa = PBXFileReference; fileEncoding = 4; lastKnownFileType = sourcecode.swift; path = VerifyNumberViewModel.swift; sourceTree = "<group>"; };
		7F0D1384D75818D3F8698AF6 /* SaveUserData.swift */ = {isa = PBXFileReference; fileEncoding = 4; lastKnownFileType = sourcecode.swift; path = SaveUserData.swift; sourceTree = "<group>"; };
		7F0D157367977EC1E7972D4B /* JSONNull.swift */ = {isa = PBXFileReference; fileEncoding = 4; lastKnownFileType = sourcecode.swift; path = JSONNull.swift; sourceTree = "<group>"; };
		7F0D16D350A0E502BE4F9325 /* VerifyNumber.swift */ = {isa = PBXFileReference; fileEncoding = 4; lastKnownFileType = sourcecode.swift; path = VerifyNumber.swift; sourceTree = "<group>"; };
		7F0D19A58E0C2771FCEB66E2 /* GetUserByIdViewModel.swift */ = {isa = PBXFileReference; fileEncoding = 4; lastKnownFileType = sourcecode.swift; path = GetUserByIdViewModel.swift; sourceTree = "<group>"; };
		7F0D1A75AA10DC44896B6C0D /* SaveUserDataViewModel.swift */ = {isa = PBXFileReference; fileEncoding = 4; lastKnownFileType = sourcecode.swift; path = SaveUserDataViewModel.swift; sourceTree = "<group>"; };
		7F0D1C10A533F9150D332E8F /* GetUserById.swift */ = {isa = PBXFileReference; fileEncoding = 4; lastKnownFileType = sourcecode.swift; path = GetUserById.swift; sourceTree = "<group>"; };
		7F0D1D95EE85C3FB4846D1FD /* Home.swift */ = {isa = PBXFileReference; fileEncoding = 4; lastKnownFileType = sourcecode.swift; path = Home.swift; sourceTree = "<group>"; };
		7F0D1F529D4D6DBABB7ED6CA /* URLError.swift */ = {isa = PBXFileReference; fileEncoding = 4; lastKnownFileType = sourcecode.swift; path = URLError.swift; sourceTree = "<group>"; };
		7F0D1F7D41D85EB7824CE7C6 /* VerifyCodeViewModel.swift */ = {isa = PBXFileReference; fileEncoding = 4; lastKnownFileType = sourcecode.swift; path = VerifyCodeViewModel.swift; sourceTree = "<group>"; };
		7F0D1FB35749E7F84F29C7F0 /* VerifyCode.swift */ = {isa = PBXFileReference; fileEncoding = 4; lastKnownFileType = sourcecode.swift; path = VerifyCode.swift; sourceTree = "<group>"; };
/* End PBXFileReference section */

/* Begin PBXFrameworksBuildPhase section */
		7B138538296CEE5C002DAA3B /* Frameworks */ = {
			isa = PBXFrameworksBuildPhase;
			buildActionMask = 2147483647;
			files = (
			);
			runOnlyForDeploymentPostprocessing = 0;
		};
/* End PBXFrameworksBuildPhase section */

/* Begin PBXGroup section */
		7B138532296CEE5C002DAA3B = {
			isa = PBXGroup;
			children = (
				7B13853D296CEE5C002DAA3B /* UnSartenApp */,
				7B13853C296CEE5C002DAA3B /* Products */,
				7BF40D88297A130300D648AC /* Frameworks */,
			);
			sourceTree = "<group>";
		};
		7B13853C296CEE5C002DAA3B /* Products */ = {
			isa = PBXGroup;
			children = (
				7B13853B296CEE5C002DAA3B /* UnSartenApp.app */,
			);
			name = Products;
			sourceTree = "<group>";
		};
		7B13853D296CEE5C002DAA3B /* UnSartenApp */ = {
			isa = PBXGroup;
			children = (
				7B13854C296CEEFF002DAA3B /* view */,
				7B13853E296CEE5C002DAA3B /* UnSartenApp.swift */,
				7B138540296CEE5C002DAA3B /* ContentView.swift */,
				7B138542296CEE5D002DAA3B /* Assets.xcassets */,
				7B138544296CEE5E002DAA3B /* Preview Content */,
				7F0D1091F6F5DB400A5ECCD1 /* model */,
				7F0D1C6DEA8DC23F8187CEF1 /* controller */,
			);
			path = UnSartenApp;
			sourceTree = "<group>";
		};
		7B138544296CEE5E002DAA3B /* Preview Content */ = {
			isa = PBXGroup;
			children = (
				7B138545296CEE5E002DAA3B /* Preview Assets.xcassets */,
			);
			path = "Preview Content";
			sourceTree = "<group>";
		};
		7B13854C296CEEFF002DAA3B /* view */ = {
			isa = PBXGroup;
			children = (
				7B13854D296CEF14002DAA3B /* Login.swift */,
				7B13854F296CF57F002DAA3B /* ConfirmCode.swift */,
				7B138551296D1C1C002DAA3B /* RegisterUser.swift */,
				7F0D1D95EE85C3FB4846D1FD /* Home.swift */,
			);
			path = view;
			sourceTree = "<group>";
		};
		7BF40D88297A130300D648AC /* Frameworks */ = {
			isa = PBXGroup;
			children = (
			);
			name = Frameworks;
			sourceTree = "<group>";
		};
		7F0D1091F6F5DB400A5ECCD1 /* model */ = {
			isa = PBXGroup;
			children = (
				7F0D1384D75818D3F8698AF6 /* SaveUserData.swift */,
				7F0D16D350A0E502BE4F9325 /* VerifyNumber.swift */,
				7F0D1FB35749E7F84F29C7F0 /* VerifyCode.swift */,
				7F0D1175E613FFD1E52F974B /* shared */,
				7F0D1FBDE7B47C90E7A34088 /* view_model */,
				7F0D1C10A533F9150D332E8F /* GetUserById.swift */,
			);
			path = model;
			sourceTree = "<group>";
		};
		7F0D1175E613FFD1E52F974B /* shared */ = {
			isa = PBXGroup;
			children = (
				7F0D157367977EC1E7972D4B /* JSONNull.swift */,
				7F0D1F529D4D6DBABB7ED6CA /* URLError.swift */,
			);
			path = shared;
			sourceTree = "<group>";
		};
		7F0D1C6DEA8DC23F8187CEF1 /* controller */ = {
			isa = PBXGroup;
			children = (
			);
			path = controller;
			sourceTree = "<group>";
		};
		7F0D1FBDE7B47C90E7A34088 /* view_model */ = {
			isa = PBXGroup;
			children = (
				7F0D1A75AA10DC44896B6C0D /* SaveUserDataViewModel.swift */,
				7F0D1F7D41D85EB7824CE7C6 /* VerifyCodeViewModel.swift */,
				7F0D1362CAF0A7B791F0E7B6 /* VerifyNumberViewModel.swift */,
				7F0D19A58E0C2771FCEB66E2 /* GetUserByIdViewModel.swift */,
			);
			path = view_model;
			sourceTree = "<group>";
		};
/* End PBXGroup section */

/* Begin PBXNativeTarget section */
		7B13853A296CEE5C002DAA3B /* UnSartenApp */ = {
			isa = PBXNativeTarget;
			buildConfigurationList = 7B138549296CEE5E002DAA3B /* Build configuration list for PBXNativeTarget "UnSartenApp" */;
			buildPhases = (
				7B138537296CEE5C002DAA3B /* Sources */,
				7B138538296CEE5C002DAA3B /* Frameworks */,
				7B138539296CEE5C002DAA3B /* Resources */,
			);
			buildRules = (
			);
			dependencies = (
			);
			name = UnSartenApp;
			packageProductDependencies = (
			);
			productName = UnSartenApp;
			productReference = 7B13853B296CEE5C002DAA3B /* UnSartenApp.app */;
			productType = "com.apple.product-type.application";
		};
/* End PBXNativeTarget section */

/* Begin PBXProject section */
		7B138533296CEE5C002DAA3B /* Project object */ = {
			isa = PBXProject;
			attributes = {
				BuildIndependentTargetsInParallel = 1;
				LastSwiftUpdateCheck = 1410;
				LastUpgradeCheck = 1410;
				TargetAttributes = {
					7B13853A296CEE5C002DAA3B = {
						CreatedOnToolsVersion = 14.1;
					};
				};
			};
			buildConfigurationList = 7B138536296CEE5C002DAA3B /* Build configuration list for PBXProject "UnSartenApp" */;
			compatibilityVersion = "Xcode 14.0";
			developmentRegion = en;
			hasScannedForEncodings = 0;
			knownRegions = (
				en,
				Base,
			);
			mainGroup = 7B138532296CEE5C002DAA3B;
			packageReferences = (
			);
			productRefGroup = 7B13853C296CEE5C002DAA3B /* Products */;
			projectDirPath = "";
			projectRoot = "";
			targets = (
				7B13853A296CEE5C002DAA3B /* UnSartenApp */,
			);
		};
/* End PBXProject section */

/* Begin PBXResourcesBuildPhase section */
		7B138539296CEE5C002DAA3B /* Resources */ = {
			isa = PBXResourcesBuildPhase;
			buildActionMask = 2147483647;
			files = (
				7B138546296CEE5E002DAA3B /* Preview Assets.xcassets in Resources */,
				7B138543296CEE5D002DAA3B /* Assets.xcassets in Resources */,
			);
			runOnlyForDeploymentPostprocessing = 0;
		};
/* End PBXResourcesBuildPhase section */

/* Begin PBXSourcesBuildPhase section */
		7B138537296CEE5C002DAA3B /* Sources */ = {
			isa = PBXSourcesBuildPhase;
			buildActionMask = 2147483647;
			files = (
				7B138552296D1C1C002DAA3B /* RegisterUser.swift in Sources */,
				7B13854E296CEF14002DAA3B /* Login.swift in Sources */,
				7B138550296CF57F002DAA3B /* ConfirmCode.swift in Sources */,
				7B138541296CEE5C002DAA3B /* ContentView.swift in Sources */,
				7B13853F296CEE5C002DAA3B /* UnSartenApp.swift in Sources */,
				7F0D15F2987810D76EC9F525 /* SaveUserData.swift in Sources */,
				7F0D1EC19AB9288BFA1FCB9B /* VerifyNumber.swift in Sources */,
				7F0D1A82152F36F9BC7E8E2D /* VerifyCode.swift in Sources */,
				7F0D16F8F4C192E50749AFB9 /* JSONNull.swift in Sources */,
				7F0D119C86F8FD16306C7923 /* SaveUserDataViewModel.swift in Sources */,
				7F0D15358B09731C8170E35F /* VerifyCodeViewModel.swift in Sources */,
				7F0D1757A1B8CAF4D15BBF84 /* VerifyNumberViewModel.swift in Sources */,
				7F0D1E7F15B1A842E539230D /* URLError.swift in Sources */,
				7F0D1893F85F62677C33C264 /* GetUserById.swift in Sources */,
				7F0D1C7658EC1453F0291A78 /* GetUserByIdViewModel.swift in Sources */,
				7F0D18AF6CE200292234C0C4 /* Home.swift in Sources */,
			);
			runOnlyForDeploymentPostprocessing = 0;
		};
/* End PBXSourcesBuildPhase section */

/* Begin XCBuildConfiguration section */
		7B138547296CEE5E002DAA3B /* Debug */ = {
			isa = XCBuildConfiguration;
			buildSettings = {
				ALWAYS_SEARCH_USER_PATHS = NO;
				CLANG_ANALYZER_NONNULL = YES;
				CLANG_ANALYZER_NUMBER_OBJECT_CONVERSION = YES_AGGRESSIVE;
				CLANG_CXX_LANGUAGE_STANDARD = "gnu++20";
				CLANG_ENABLE_MODULES = YES;
				CLANG_ENABLE_OBJC_ARC = YES;
				CLANG_ENABLE_OBJC_WEAK = YES;
				CLANG_WARN_BLOCK_CAPTURE_AUTORELEASING = YES;
				CLANG_WARN_BOOL_CONVERSION = YES;
				CLANG_WARN_COMMA = YES;
				CLANG_WARN_CONSTANT_CONVERSION = YES;
				CLANG_WARN_DEPRECATED_OBJC_IMPLEMENTATIONS = YES;
				CLANG_WARN_DIRECT_OBJC_ISA_USAGE = YES_ERROR;
				CLANG_WARN_DOCUMENTATION_COMMENTS = YES;
				CLANG_WARN_EMPTY_BODY = YES;
				CLANG_WARN_ENUM_CONVERSION = YES;
				CLANG_WARN_INFINITE_RECURSION = YES;
				CLANG_WARN_INT_CONVERSION = YES;
				CLANG_WARN_NON_LITERAL_NULL_CONVERSION = YES;
				CLANG_WARN_OBJC_IMPLICIT_RETAIN_SELF = YES;
				CLANG_WARN_OBJC_LITERAL_CONVERSION = YES;
				CLANG_WARN_OBJC_ROOT_CLASS = YES_ERROR;
				CLANG_WARN_QUOTED_INCLUDE_IN_FRAMEWORK_HEADER = YES;
				CLANG_WARN_RANGE_LOOP_ANALYSIS = YES;
				CLANG_WARN_STRICT_PROTOTYPES = YES;
				CLANG_WARN_SUSPICIOUS_MOVE = YES;
				CLANG_WARN_UNGUARDED_AVAILABILITY = YES_AGGRESSIVE;
				CLANG_WARN_UNREACHABLE_CODE = YES;
				CLANG_WARN__DUPLICATE_METHOD_MATCH = YES;
				COPY_PHASE_STRIP = NO;
				DEBUG_INFORMATION_FORMAT = dwarf;
				ENABLE_STRICT_OBJC_MSGSEND = YES;
				ENABLE_TESTABILITY = YES;
				GCC_C_LANGUAGE_STANDARD = gnu11;
				GCC_DYNAMIC_NO_PIC = NO;
				GCC_NO_COMMON_BLOCKS = YES;
				GCC_OPTIMIZATION_LEVEL = 0;
				GCC_PREPROCESSOR_DEFINITIONS = (
					"DEBUG=1",
					"$(inherited)",
				);
				GCC_WARN_64_TO_32_BIT_CONVERSION = YES;
				GCC_WARN_ABOUT_RETURN_TYPE = YES_ERROR;
				GCC_WARN_UNDECLARED_SELECTOR = YES;
				GCC_WARN_UNINITIALIZED_AUTOS = YES_AGGRESSIVE;
				GCC_WARN_UNUSED_FUNCTION = YES;
				GCC_WARN_UNUSED_VARIABLE = YES;
				IPHONEOS_DEPLOYMENT_TARGET = 16.1;
				MTL_ENABLE_DEBUG_INFO = INCLUDE_SOURCE;
				MTL_FAST_MATH = YES;
				ONLY_ACTIVE_ARCH = YES;
				SDKROOT = iphoneos;
				SWIFT_ACTIVE_COMPILATION_CONDITIONS = DEBUG;
				SWIFT_OPTIMIZATION_LEVEL = "-Onone";
			};
			name = Debug;
		};
		7B138548296CEE5E002DAA3B /* Release */ = {
			isa = XCBuildConfiguration;
			buildSettings = {
				ALWAYS_SEARCH_USER_PATHS = NO;
				CLANG_ANALYZER_NONNULL = YES;
				CLANG_ANALYZER_NUMBER_OBJECT_CONVERSION = YES_AGGRESSIVE;
				CLANG_CXX_LANGUAGE_STANDARD = "gnu++20";
				CLANG_ENABLE_MODULES = YES;
				CLANG_ENABLE_OBJC_ARC = YES;
				CLANG_ENABLE_OBJC_WEAK = YES;
				CLANG_WARN_BLOCK_CAPTURE_AUTORELEASING = YES;
				CLANG_WARN_BOOL_CONVERSION = YES;
				CLANG_WARN_COMMA = YES;
				CLANG_WARN_CONSTANT_CONVERSION = YES;
				CLANG_WARN_DEPRECATED_OBJC_IMPLEMENTATIONS = YES;
				CLANG_WARN_DIRECT_OBJC_ISA_USAGE = YES_ERROR;
				CLANG_WARN_DOCUMENTATION_COMMENTS = YES;
				CLANG_WARN_EMPTY_BODY = YES;
				CLANG_WARN_ENUM_CONVERSION = YES;
				CLANG_WARN_INFINITE_RECURSION = YES;
				CLANG_WARN_INT_CONVERSION = YES;
				CLANG_WARN_NON_LITERAL_NULL_CONVERSION = YES;
				CLANG_WARN_OBJC_IMPLICIT_RETAIN_SELF = YES;
				CLANG_WARN_OBJC_LITERAL_CONVERSION = YES;
				CLANG_WARN_OBJC_ROOT_CLASS = YES_ERROR;
				CLANG_WARN_QUOTED_INCLUDE_IN_FRAMEWORK_HEADER = YES;
				CLANG_WARN_RANGE_LOOP_ANALYSIS = YES;
				CLANG_WARN_STRICT_PROTOTYPES = YES;
				CLANG_WARN_SUSPICIOUS_MOVE = YES;
				CLANG_WARN_UNGUARDED_AVAILABILITY = YES_AGGRESSIVE;
				CLANG_WARN_UNREACHABLE_CODE = YES;
				CLANG_WARN__DUPLICATE_METHOD_MATCH = YES;
				COPY_PHASE_STRIP = NO;
				DEBUG_INFORMATION_FORMAT = "dwarf-with-dsym";
				ENABLE_NS_ASSERTIONS = NO;
				ENABLE_STRICT_OBJC_MSGSEND = YES;
				GCC_C_LANGUAGE_STANDARD = gnu11;
				GCC_NO_COMMON_BLOCKS = YES;
				GCC_WARN_64_TO_32_BIT_CONVERSION = YES;
				GCC_WARN_ABOUT_RETURN_TYPE = YES_ERROR;
				GCC_WARN_UNDECLARED_SELECTOR = YES;
				GCC_WARN_UNINITIALIZED_AUTOS = YES_AGGRESSIVE;
				GCC_WARN_UNUSED_FUNCTION = YES;
				GCC_WARN_UNUSED_VARIABLE = YES;
				IPHONEOS_DEPLOYMENT_TARGET = 16.1;
				MTL_ENABLE_DEBUG_INFO = NO;
				MTL_FAST_MATH = YES;
				SDKROOT = iphoneos;
				SWIFT_COMPILATION_MODE = wholemodule;
				SWIFT_OPTIMIZATION_LEVEL = "-O";
				VALIDATE_PRODUCT = YES;
			};
			name = Release;
		};
		7B13854A296CEE5E002DAA3B /* Debug */ = {
			isa = XCBuildConfiguration;
			buildSettings = {
				ASSETCATALOG_COMPILER_APPICON_NAME = AppIcon;
				ASSETCATALOG_COMPILER_GLOBAL_ACCENT_COLOR_NAME = AccentColor;
				CODE_SIGN_STYLE = Automatic;
				CURRENT_PROJECT_VERSION = 1;
				DEVELOPMENT_ASSET_PATHS = "\"UnSartenApp/Preview Content\"";
				DEVELOPMENT_TEAM = 24P55VDX3W;
				ENABLE_PREVIEWS = YES;
				GENERATE_INFOPLIST_FILE = YES;
				INFOPLIST_KEY_UIApplicationSceneManifest_Generation = YES;
				INFOPLIST_KEY_UIApplicationSupportsIndirectInputEvents = YES;
				INFOPLIST_KEY_UILaunchScreen_Generation = YES;
				INFOPLIST_KEY_UISupportedInterfaceOrientations_iPad = "UIInterfaceOrientationPortrait UIInterfaceOrientationPortraitUpsideDown UIInterfaceOrientationLandscapeLeft UIInterfaceOrientationLandscapeRight";
				INFOPLIST_KEY_UISupportedInterfaceOrientations_iPhone = "UIInterfaceOrientationPortrait UIInterfaceOrientationLandscapeLeft UIInterfaceOrientationLandscapeRight";
				LD_RUNPATH_SEARCH_PATHS = (
					"$(inherited)",
					"@executable_path/Frameworks",
				);
				MARKETING_VERSION = 1.0;
				PRODUCT_BUNDLE_IDENTIFIER = com.unsarten.UnSartenApp;
				PRODUCT_NAME = "$(TARGET_NAME)";
				SWIFT_EMIT_LOC_STRINGS = YES;
				SWIFT_VERSION = 5.0;
				TARGETED_DEVICE_FAMILY = "1,2";
			};
			name = Debug;
		};
		7B13854B296CEE5E002DAA3B /* Release */ = {
			isa = XCBuildConfiguration;
			buildSettings = {
				ASSETCATALOG_COMPILER_APPICON_NAME = AppIcon;
				ASSETCATALOG_COMPILER_GLOBAL_ACCENT_COLOR_NAME = AccentColor;
				CODE_SIGN_STYLE = Automatic;
				CURRENT_PROJECT_VERSION = 1;
				DEVELOPMENT_ASSET_PATHS = "\"UnSartenApp/Preview Content\"";
				DEVELOPMENT_TEAM = 24P55VDX3W;
				ENABLE_PREVIEWS = YES;
				GENERATE_INFOPLIST_FILE = YES;
				INFOPLIST_KEY_UIApplicationSceneManifest_Generation = YES;
				INFOPLIST_KEY_UIApplicationSupportsIndirectInputEvents = YES;
				INFOPLIST_KEY_UILaunchScreen_Generation = YES;
				INFOPLIST_KEY_UISupportedInterfaceOrientations_iPad = "UIInterfaceOrientationPortrait UIInterfaceOrientationPortraitUpsideDown UIInterfaceOrientationLandscapeLeft UIInterfaceOrientationLandscapeRight";
				INFOPLIST_KEY_UISupportedInterfaceOrientations_iPhone = "UIInterfaceOrientationPortrait UIInterfaceOrientationLandscapeLeft UIInterfaceOrientationLandscapeRight";
				LD_RUNPATH_SEARCH_PATHS = (
					"$(inherited)",
					"@executable_path/Frameworks",
				);
				MARKETING_VERSION = 1.0;
				PRODUCT_BUNDLE_IDENTIFIER = com.unsarten.UnSartenApp;
				PRODUCT_NAME = "$(TARGET_NAME)";
				SWIFT_EMIT_LOC_STRINGS = YES;
				SWIFT_VERSION = 5.0;
				TARGETED_DEVICE_FAMILY = "1,2";
			};
			name = Release;
		};
/* End XCBuildConfiguration section */

/* Begin XCConfigurationList section */
		7B138536296CEE5C002DAA3B /* Build configuration list for PBXProject "UnSartenApp" */ = {
			isa = XCConfigurationList;
			buildConfigurations = (
				7B138547296CEE5E002DAA3B /* Debug */,
				7B138548296CEE5E002DAA3B /* Release */,
			);
			defaultConfigurationIsVisible = 0;
			defaultConfigurationName = Release;
		};
		7B138549296CEE5E002DAA3B /* Build configuration list for PBXNativeTarget "UnSartenApp" */ = {
			isa = XCConfigurationList;
			buildConfigurations = (
				7B13854A296CEE5E002DAA3B /* Debug */,
				7B13854B296CEE5E002DAA3B /* Release */,
			);
			defaultConfigurationIsVisible = 0;
			defaultConfigurationName = Release;
		};
/* End XCConfigurationList section */
	};
	rootObject = 7B138533296CEE5C002DAA3B /* Project object */;
}
